
Microsoft Visual Studio Solution File, Format Version 12.00
# Visual Studio 2012
Project("{8BC9CEB8-8B4A-11D0-8D11-00A0C91BC942}") = "motionTracking", "motionTracking\motionTracking.vcxproj", "{78B1741E-4CD4-4D23-91AB-4457A3E7BBEA}"
EndProject
Global
	GlobalSection(SolutionConfigurationPlatforms) = preSolution
		Debug|Win32 = Debug|Win32
		Release|Win32 = Release|Win32
	EndGlobalSection
	GlobalSection(ProjectConfigurationPlatforms) = postSolution
		{78B1741E-4CD4-4D23-91AB-4457A3E7BBEA}.Debug|Win32.ActiveCfg = Debug|Win32
		{78B1741E-4CD4-4D23-91AB-4457A3E7BBEA}.Debug|Win32.Build.0 = Debug|Win32
		{78B1741E-4CD4-4D23-91AB-4457A3E7BBEA}.Release|Win32.ActiveCfg = Release|Win32
		{78B1741E-4CD4-4D23-91AB-4457A3E7BBEA}.Release|Win32.Build.0 = Release|Win32
	EndGlobalSection
	GlobalSection(SolutionProperties) = preSolution
		HideSolutionNode = FALSE
	EndGlobalSection
EndGlobal
